
Microsoft Visual Studio Solution File, Format Version 12.00
# Visual Studio Version 17
VisualStudioVersion = 17.8.34330.188
MinimumVisualStudioVersion = 10.0.40219.1
Project("{2150E333-8FDC-42A3-9474-1A3956D46DE8}") = "Services", "Services", "{03269F76-F297-4A43-BA96-D9AAEAF3EC52}"
EndProject
Project("{2150E333-8FDC-42A3-9474-1A3956D46DE8}") = "Catalog", "Catalog", "{224733BB-7130-4377-AEE4-04A235080FFA}"
EndProject
Project("{9A19103F-16F7-4668-BE54-9A1E7A4F7556}") = "Catalog.API", "Services\Catalog\Catalog.API\Catalog.API.csproj", "{31508449-594D-4F09-A524-868FC7F78B8F}"
EndProject
Project("{2150E333-8FDC-42A3-9474-1A3956D46DE8}") = "BuildingBlocks", "BuildingBlocks", "{65D14CA5-5530-4B73-9210-D965C4DFA446}"
EndProject
Project("{FAE04EC0-301F-11D3-BF4B-00C04F79EFBC}") = "BuildingBlocks", "BuildingBlocks\BuildingBlocks\BuildingBlocks.csproj", "{C11FF56B-2D3D-402D-B644-35DDEFAE5512}"
EndProject
Global
	GlobalSection(SolutionConfigurationPlatforms) = preSolution
		Debug|Any CPU = Debug|Any CPU
		Release|Any CPU = Release|Any CPU
	EndGlobalSection
	GlobalSection(ProjectConfigurationPlatforms) = postSolution
		{31508449-594D-4F09-A524-868FC7F78B8F}.Debug|Any CPU.ActiveCfg = Debug|Any CPU
		{31508449-594D-4F09-A524-868FC7F78B8F}.Debug|Any CPU.Build.0 = Debug|Any CPU
		{31508449-594D-4F09-A524-868FC7F78B8F}.Release|Any CPU.ActiveCfg = Release|Any CPU
		{31508449-594D-4F09-A524-868FC7F78B8F}.Release|Any CPU.Build.0 = Release|Any CPU
		{C11FF56B-2D3D-402D-B644-35DDEFAE5512}.Debug|Any CPU.ActiveCfg = Debug|Any CPU
		{C11FF56B-2D3D-402D-B644-35DDEFAE5512}.Debug|Any CPU.Build.0 = Debug|Any CPU
		{C11FF56B-2D3D-402D-B644-35DDEFAE5512}.Release|Any CPU.ActiveCfg = Release|Any CPU
		{C11FF56B-2D3D-402D-B644-35DDEFAE5512}.Release|Any CPU.Build.0 = Release|Any CPU
	EndGlobalSection
	GlobalSection(SolutionProperties) = preSolution
		HideSolutionNode = FALSE
	EndGlobalSection
	GlobalSection(NestedProjects) = preSolution
		{224733BB-7130-4377-AEE4-04A235080FFA} = {03269F76-F297-4A43-BA96-D9AAEAF3EC52}
		{31508449-594D-4F09-A524-868FC7F78B8F} = {224733BB-7130-4377-AEE4-04A235080FFA}
		{C11FF56B-2D3D-402D-B644-35DDEFAE5512} = {65D14CA5-5530-4B73-9210-D965C4DFA446}
	EndGlobalSection
	GlobalSection(ExtensibilityGlobals) = postSolution
		SolutionGuid = {40946365-B6E5-4591-BAFE-714A3915AB80}
	EndGlobalSection
EndGlobal
